
Microsoft Visual Studio Solution File, Format Version 12.00
# Visual Studio 2013
VisualStudioVersion = 12.0.31101.0
MinimumVisualStudioVersion = 10.0.40219.1
Project("{F2A71F9B-5D33-465A-A702-920D77279786}") = "Day02", "Day02\Day02.fsproj", "{96B3B451-2CD3-47C3-8385-E1E70E95EAE0}"
EndProject
Project("{F2A71F9B-5D33-465A-A702-920D77279786}") = "Day01", "Day01\Day01.fsproj", "{000DAB04-4170-4242-8F7F-E05AFB08DECC}"
EndProject
Project("{F2A71F9B-5D33-465A-A702-920D77279786}") = "Day03", "Day03\Day03.fsproj", "{B317A076-ED0A-4C1B-A4F1-A7723F36803F}"
EndProject
Project("{F2A71F9B-5D33-465A-A702-920D77279786}") = "Day04", "Day04\Day04.fsproj", "{A2F0181A-DDE2-41C7-8AA8-9DD09E6692A9}"
EndProject
Project("{F2A71F9B-5D33-465A-A702-920D77279786}") = "Day05", "Day05\Day05.fsproj", "{7D858DA9-26F2-4C41-B682-40E33A56DC40}"
EndProject
Project("{F2A71F9B-5D33-465A-A702-920D77279786}") = "Day06", "Day06\Day06.fsproj", "{D62C080C-4DCF-4899-97D0-B91EA62DC906}"
EndProject
Project("{F2A71F9B-5D33-465A-A702-920D77279786}") = "Day07", "Day07\Day07.fsproj", "{39C853AF-45A3-4021-822C-385936BF3F88}"
EndProject
Project("{F2A71F9B-5D33-465A-A702-920D77279786}") = "Day08", "Day08\Day08.fsproj", "{3D80D6FB-27DF-45D5-92FE-AD9960D79CFE}"
EndProject
Project("{F2A71F9B-5D33-465A-A702-920D77279786}") = "Day09", "Day09\Day09.fsproj", "{54CAFDFA-FB60-499C-890B-A4B5E3D72D7E}"
EndProject
Project("{F2A71F9B-5D33-465A-A702-920D77279786}") = "Day10", "Day10\Day10.fsproj", "{85EBB3E8-1856-4D69-A8CE-F88FB17DBBC9}"
EndProject
Project("{F2A71F9B-5D33-465A-A702-920D77279786}") = "Day11", "Day11\Day11.fsproj", "{3C501003-CDB4-4F65-8EBB-AF26CD8EB893}"
EndProject
Project("{F2A71F9B-5D33-465A-A702-920D77279786}") = "Day12", "Day12\Day12.fsproj", "{AC14412B-169B-4FDB-9E7A-0E03CCCAACF8}"
EndProject
Project("{F2A71F9B-5D33-465A-A702-920D77279786}") = "Day13", "Day13\Day13.fsproj", "{59B54879-B6DB-49BB-8B62-E7325B82794A}"
EndProject
Project("{F2A71F9B-5D33-465A-A702-920D77279786}") = "Helpers", "Helpers\Helpers.fsproj", "{839C352B-FA6A-40AF-8E3D-7B0370D8E9BE}"
EndProject
Project("{F2A71F9B-5D33-465A-A702-920D77279786}") = "Day14", "Day14\Day14.fsproj", "{5141A8D7-694A-4D32-BD81-0AFD5F9A3F24}"
EndProject
Project("{F2A71F9B-5D33-465A-A702-920D77279786}") = "Day15", "Day15\Day15.fsproj", "{7BF1E3E4-44ED-4762-AB14-7C17029A2D16}"
EndProject
Project("{F2A71F9B-5D33-465A-A702-920D77279786}") = "Day16", "Day16\Day16.fsproj", "{DCFC341A-14A2-433A-ABEF-F101DC985301}"
EndProject
Project("{F2A71F9B-5D33-465A-A702-920D77279786}") = "Day17", "Day17\Day17.fsproj", "{018C989D-70BB-45EA-808D-0587FE0A0034}"
EndProject
Project("{F2A71F9B-5D33-465A-A702-920D77279786}") = "Day18", "Day18\Day18.fsproj", "{F0938028-464B-4ED4-9DFE-B29CB2C56531}"
EndProject
Project("{F2A71F9B-5D33-465A-A702-920D77279786}") = "Day19", "Day19\Day19.fsproj", "{658C2EFC-E35A-4C41-A13B-8FDFAD01B21A}"
EndProject
Project("{F2A71F9B-5D33-465A-A702-920D77279786}") = "Day20", "Day20\Day20.fsproj", "{13AB2A41-7C9C-4609-97E5-0893F9556CE6}"
EndProject
Project("{F2A71F9B-5D33-465A-A702-920D77279786}") = "Day21", "Day21\Day21.fsproj", "{A6032078-AA38-4E8D-9466-DF9A7FE339FD}"
EndProject
Project("{F2A71F9B-5D33-465A-A702-920D77279786}") = "Day22", "Day22\Day22.fsproj", "{2A3DCA68-158D-4B2A-9F41-FAD89C69F7A9}"
EndProject
Global
	GlobalSection(SolutionConfigurationPlatforms) = preSolution
		Debug|Any CPU = Debug|Any CPU
		Release|Any CPU = Release|Any CPU
	EndGlobalSection
	GlobalSection(ProjectConfigurationPlatforms) = postSolution
		{96B3B451-2CD3-47C3-8385-E1E70E95EAE0}.Debug|Any CPU.ActiveCfg = Debug|Any CPU
		{96B3B451-2CD3-47C3-8385-E1E70E95EAE0}.Debug|Any CPU.Build.0 = Debug|Any CPU
		{96B3B451-2CD3-47C3-8385-E1E70E95EAE0}.Release|Any CPU.ActiveCfg = Release|Any CPU
		{96B3B451-2CD3-47C3-8385-E1E70E95EAE0}.Release|Any CPU.Build.0 = Release|Any CPU
		{000DAB04-4170-4242-8F7F-E05AFB08DECC}.Debug|Any CPU.ActiveCfg = Debug|Any CPU
		{000DAB04-4170-4242-8F7F-E05AFB08DECC}.Debug|Any CPU.Build.0 = Debug|Any CPU
		{000DAB04-4170-4242-8F7F-E05AFB08DECC}.Release|Any CPU.ActiveCfg = Release|Any CPU
		{000DAB04-4170-4242-8F7F-E05AFB08DECC}.Release|Any CPU.Build.0 = Release|Any CPU
		{B317A076-ED0A-4C1B-A4F1-A7723F36803F}.Debug|Any CPU.ActiveCfg = Debug|Any CPU
		{B317A076-ED0A-4C1B-A4F1-A7723F36803F}.Debug|Any CPU.Build.0 = Debug|Any CPU
		{B317A076-ED0A-4C1B-A4F1-A7723F36803F}.Release|Any CPU.ActiveCfg = Release|Any CPU
		{B317A076-ED0A-4C1B-A4F1-A7723F36803F}.Release|Any CPU.Build.0 = Release|Any CPU
		{A2F0181A-DDE2-41C7-8AA8-9DD09E6692A9}.Debug|Any CPU.ActiveCfg = Debug|Any CPU
		{A2F0181A-DDE2-41C7-8AA8-9DD09E6692A9}.Debug|Any CPU.Build.0 = Debug|Any CPU
		{A2F0181A-DDE2-41C7-8AA8-9DD09E6692A9}.Release|Any CPU.ActiveCfg = Release|Any CPU
		{A2F0181A-DDE2-41C7-8AA8-9DD09E6692A9}.Release|Any CPU.Build.0 = Release|Any CPU
		{7D858DA9-26F2-4C41-B682-40E33A56DC40}.Debug|Any CPU.ActiveCfg = Debug|Any CPU
		{7D858DA9-26F2-4C41-B682-40E33A56DC40}.Debug|Any CPU.Build.0 = Debug|Any CPU
		{7D858DA9-26F2-4C41-B682-40E33A56DC40}.Release|Any CPU.ActiveCfg = Release|Any CPU
		{7D858DA9-26F2-4C41-B682-40E33A56DC40}.Release|Any CPU.Build.0 = Release|Any CPU
		{D62C080C-4DCF-4899-97D0-B91EA62DC906}.Debug|Any CPU.ActiveCfg = Debug|Any CPU
		{D62C080C-4DCF-4899-97D0-B91EA62DC906}.Debug|Any CPU.Build.0 = Debug|Any CPU
		{D62C080C-4DCF-4899-97D0-B91EA62DC906}.Release|Any CPU.ActiveCfg = Release|Any CPU
		{D62C080C-4DCF-4899-97D0-B91EA62DC906}.Release|Any CPU.Build.0 = Release|Any CPU
		{39C853AF-45A3-4021-822C-385936BF3F88}.Debug|Any CPU.ActiveCfg = Debug|Any CPU
		{39C853AF-45A3-4021-822C-385936BF3F88}.Debug|Any CPU.Build.0 = Debug|Any CPU
		{39C853AF-45A3-4021-822C-385936BF3F88}.Release|Any CPU.ActiveCfg = Release|Any CPU
		{39C853AF-45A3-4021-822C-385936BF3F88}.Release|Any CPU.Build.0 = Release|Any CPU
		{3D80D6FB-27DF-45D5-92FE-AD9960D79CFE}.Debug|Any CPU.ActiveCfg = Debug|Any CPU
		{3D80D6FB-27DF-45D5-92FE-AD9960D79CFE}.Debug|Any CPU.Build.0 = Debug|Any CPU
		{3D80D6FB-27DF-45D5-92FE-AD9960D79CFE}.Release|Any CPU.ActiveCfg = Release|Any CPU
		{3D80D6FB-27DF-45D5-92FE-AD9960D79CFE}.Release|Any CPU.Build.0 = Release|Any CPU
		{54CAFDFA-FB60-499C-890B-A4B5E3D72D7E}.Debug|Any CPU.ActiveCfg = Debug|Any CPU
		{54CAFDFA-FB60-499C-890B-A4B5E3D72D7E}.Debug|Any CPU.Build.0 = Debug|Any CPU
		{54CAFDFA-FB60-499C-890B-A4B5E3D72D7E}.Release|Any CPU.ActiveCfg = Release|Any CPU
		{54CAFDFA-FB60-499C-890B-A4B5E3D72D7E}.Release|Any CPU.Build.0 = Release|Any CPU
		{85EBB3E8-1856-4D69-A8CE-F88FB17DBBC9}.Debug|Any CPU.ActiveCfg = Debug|Any CPU
		{85EBB3E8-1856-4D69-A8CE-F88FB17DBBC9}.Debug|Any CPU.Build.0 = Debug|Any CPU
		{85EBB3E8-1856-4D69-A8CE-F88FB17DBBC9}.Release|Any CPU.ActiveCfg = Release|Any CPU
		{85EBB3E8-1856-4D69-A8CE-F88FB17DBBC9}.Release|Any CPU.Build.0 = Release|Any CPU
		{3C501003-CDB4-4F65-8EBB-AF26CD8EB893}.Debug|Any CPU.ActiveCfg = Debug|Any CPU
		{3C501003-CDB4-4F65-8EBB-AF26CD8EB893}.Debug|Any CPU.Build.0 = Debug|Any CPU
		{3C501003-CDB4-4F65-8EBB-AF26CD8EB893}.Release|Any CPU.ActiveCfg = Release|Any CPU
		{3C501003-CDB4-4F65-8EBB-AF26CD8EB893}.Release|Any CPU.Build.0 = Release|Any CPU
		{AC14412B-169B-4FDB-9E7A-0E03CCCAACF8}.Debug|Any CPU.ActiveCfg = Debug|Any CPU
		{AC14412B-169B-4FDB-9E7A-0E03CCCAACF8}.Debug|Any CPU.Build.0 = Debug|Any CPU
		{AC14412B-169B-4FDB-9E7A-0E03CCCAACF8}.Release|Any CPU.ActiveCfg = Release|Any CPU
		{AC14412B-169B-4FDB-9E7A-0E03CCCAACF8}.Release|Any CPU.Build.0 = Release|Any CPU
		{59B54879-B6DB-49BB-8B62-E7325B82794A}.Debug|Any CPU.ActiveCfg = Debug|Any CPU
		{59B54879-B6DB-49BB-8B62-E7325B82794A}.Debug|Any CPU.Build.0 = Debug|Any CPU
		{59B54879-B6DB-49BB-8B62-E7325B82794A}.Release|Any CPU.ActiveCfg = Release|Any CPU
		{59B54879-B6DB-49BB-8B62-E7325B82794A}.Release|Any CPU.Build.0 = Release|Any CPU
		{839C352B-FA6A-40AF-8E3D-7B0370D8E9BE}.Debug|Any CPU.ActiveCfg = Debug|Any CPU
		{839C352B-FA6A-40AF-8E3D-7B0370D8E9BE}.Debug|Any CPU.Build.0 = Debug|Any CPU
		{839C352B-FA6A-40AF-8E3D-7B0370D8E9BE}.Release|Any CPU.ActiveCfg = Release|Any CPU
		{839C352B-FA6A-40AF-8E3D-7B0370D8E9BE}.Release|Any CPU.Build.0 = Release|Any CPU
		{5141A8D7-694A-4D32-BD81-0AFD5F9A3F24}.Debug|Any CPU.ActiveCfg = Debug|Any CPU
		{5141A8D7-694A-4D32-BD81-0AFD5F9A3F24}.Debug|Any CPU.Build.0 = Debug|Any CPU
		{5141A8D7-694A-4D32-BD81-0AFD5F9A3F24}.Release|Any CPU.ActiveCfg = Release|Any CPU
		{5141A8D7-694A-4D32-BD81-0AFD5F9A3F24}.Release|Any CPU.Build.0 = Release|Any CPU
		{7BF1E3E4-44ED-4762-AB14-7C17029A2D16}.Debug|Any CPU.ActiveCfg = Debug|Any CPU
		{7BF1E3E4-44ED-4762-AB14-7C17029A2D16}.Debug|Any CPU.Build.0 = Debug|Any CPU
		{7BF1E3E4-44ED-4762-AB14-7C17029A2D16}.Release|Any CPU.ActiveCfg = Release|Any CPU
		{7BF1E3E4-44ED-4762-AB14-7C17029A2D16}.Release|Any CPU.Build.0 = Release|Any CPU
		{DCFC341A-14A2-433A-ABEF-F101DC985301}.Debug|Any CPU.ActiveCfg = Debug|Any CPU
		{DCFC341A-14A2-433A-ABEF-F101DC985301}.Debug|Any CPU.Build.0 = Debug|Any CPU
		{DCFC341A-14A2-433A-ABEF-F101DC985301}.Release|Any CPU.ActiveCfg = Release|Any CPU
		{DCFC341A-14A2-433A-ABEF-F101DC985301}.Release|Any CPU.Build.0 = Release|Any CPU
		{018C989D-70BB-45EA-808D-0587FE0A0034}.Debug|Any CPU.ActiveCfg = Debug|Any CPU
		{018C989D-70BB-45EA-808D-0587FE0A0034}.Debug|Any CPU.Build.0 = Debug|Any CPU
		{018C989D-70BB-45EA-808D-0587FE0A0034}.Release|Any CPU.ActiveCfg = Release|Any CPU
		{018C989D-70BB-45EA-808D-0587FE0A0034}.Release|Any CPU.Build.0 = Release|Any CPU
		{F0938028-464B-4ED4-9DFE-B29CB2C56531}.Debug|Any CPU.ActiveCfg = Debug|Any CPU
		{F0938028-464B-4ED4-9DFE-B29CB2C56531}.Debug|Any CPU.Build.0 = Debug|Any CPU
		{F0938028-464B-4ED4-9DFE-B29CB2C56531}.Release|Any CPU.ActiveCfg = Release|Any CPU
		{F0938028-464B-4ED4-9DFE-B29CB2C56531}.Release|Any CPU.Build.0 = Release|Any CPU
		{658C2EFC-E35A-4C41-A13B-8FDFAD01B21A}.Debug|Any CPU.ActiveCfg = Debug|Any CPU
		{658C2EFC-E35A-4C41-A13B-8FDFAD01B21A}.Debug|Any CPU.Build.0 = Debug|Any CPU
		{658C2EFC-E35A-4C41-A13B-8FDFAD01B21A}.Release|Any CPU.ActiveCfg = Release|Any CPU
		{658C2EFC-E35A-4C41-A13B-8FDFAD01B21A}.Release|Any CPU.Build.0 = Release|Any CPU
		{13AB2A41-7C9C-4609-97E5-0893F9556CE6}.Debug|Any CPU.ActiveCfg = Debug|Any CPU
		{13AB2A41-7C9C-4609-97E5-0893F9556CE6}.Debug|Any CPU.Build.0 = Debug|Any CPU
		{13AB2A41-7C9C-4609-97E5-0893F9556CE6}.Release|Any CPU.ActiveCfg = Release|Any CPU
		{13AB2A41-7C9C-4609-97E5-0893F9556CE6}.Release|Any CPU.Build.0 = Release|Any CPU
		{A6032078-AA38-4E8D-9466-DF9A7FE339FD}.Debug|Any CPU.ActiveCfg = Debug|Any CPU
		{A6032078-AA38-4E8D-9466-DF9A7FE339FD}.Debug|Any CPU.Build.0 = Debug|Any CPU
		{A6032078-AA38-4E8D-9466-DF9A7FE339FD}.Release|Any CPU.ActiveCfg = Release|Any CPU
		{A6032078-AA38-4E8D-9466-DF9A7FE339FD}.Release|Any CPU.Build.0 = Release|Any CPU
		{2A3DCA68-158D-4B2A-9F41-FAD89C69F7A9}.Debug|Any CPU.ActiveCfg = Debug|Any CPU
		{2A3DCA68-158D-4B2A-9F41-FAD89C69F7A9}.Debug|Any CPU.Build.0 = Debug|Any CPU
		{2A3DCA68-158D-4B2A-9F41-FAD89C69F7A9}.Release|Any CPU.ActiveCfg = Release|Any CPU
		{2A3DCA68-158D-4B2A-9F41-FAD89C69F7A9}.Release|Any CPU.Build.0 = Release|Any CPU
	EndGlobalSection
	GlobalSection(SolutionProperties) = preSolution
		HideSolutionNode = FALSE
	EndGlobalSection
EndGlobal
