
Microsoft Visual Studio Solution File, Format Version 12.00
# Visual Studio 2013
VisualStudioVersion = 12.0.31101.0
MinimumVisualStudioVersion = 10.0.40219.1
Project("{F2A71F9B-5D33-465A-A702-920D77279786}") = "Day02", "Day02\Day02.fsproj", "{96B3B451-2CD3-47C3-8385-E1E70E95EAE0}"
EndProject
Project("{F2A71F9B-5D33-465A-A702-920D77279786}") = "Day01", "Day01\Day01.fsproj", "{000DAB04-4170-4242-8F7F-E05AFB08DECC}"
EndProject
Project("{F2A71F9B-5D33-465A-A702-920D77279786}") = "Day03", "Day03\Day03.fsproj", "{B317A076-ED0A-4C1B-A4F1-A7723F36803F}"
EndProject
Project("{F2A71F9B-5D33-465A-A702-920D77279786}") = "Day04", "Day04\Day04.fsproj", "{A2F0181A-DDE2-41C7-8AA8-9DD09E6692A9}"
EndProject
Project("{F2A71F9B-5D33-465A-A702-920D77279786}") = "Day05", "Day05\Day05.fsproj", "{7D858DA9-26F2-4C41-B682-40E33A56DC40}"
EndProject
Project("{F2A71F9B-5D33-465A-A702-920D77279786}") = "Day06", "Day06\Day06.fsproj", "{D62C080C-4DCF-4899-97D0-B91EA62DC906}"
EndProject
Project("{F2A71F9B-5D33-465A-A702-920D77279786}") = "Day07", "Day07\Day07.fsproj", "{39C853AF-45A3-4021-822C-385936BF3F88}"
EndProject
Project("{F2A71F9B-5D33-465A-A702-920D77279786}") = "Day08", "Day08\Day08.fsproj", "{3D80D6FB-27DF-45D5-92FE-AD9960D79CFE}"
EndProject
Global
	GlobalSection(SolutionConfigurationPlatforms) = preSolution
		Debug|Any CPU = Debug|Any CPU
		Release|Any CPU = Release|Any CPU
	EndGlobalSection
	GlobalSection(ProjectConfigurationPlatforms) = postSolution
		{96B3B451-2CD3-47C3-8385-E1E70E95EAE0}.Debug|Any CPU.ActiveCfg = Debug|Any CPU
		{96B3B451-2CD3-47C3-8385-E1E70E95EAE0}.Debug|Any CPU.Build.0 = Debug|Any CPU
		{96B3B451-2CD3-47C3-8385-E1E70E95EAE0}.Release|Any CPU.ActiveCfg = Release|Any CPU
		{96B3B451-2CD3-47C3-8385-E1E70E95EAE0}.Release|Any CPU.Build.0 = Release|Any CPU
		{000DAB04-4170-4242-8F7F-E05AFB08DECC}.Debug|Any CPU.ActiveCfg = Debug|Any CPU
		{000DAB04-4170-4242-8F7F-E05AFB08DECC}.Debug|Any CPU.Build.0 = Debug|Any CPU
		{000DAB04-4170-4242-8F7F-E05AFB08DECC}.Release|Any CPU.ActiveCfg = Release|Any CPU
		{000DAB04-4170-4242-8F7F-E05AFB08DECC}.Release|Any CPU.Build.0 = Release|Any CPU
		{B317A076-ED0A-4C1B-A4F1-A7723F36803F}.Debug|Any CPU.ActiveCfg = Debug|Any CPU
		{B317A076-ED0A-4C1B-A4F1-A7723F36803F}.Debug|Any CPU.Build.0 = Debug|Any CPU
		{B317A076-ED0A-4C1B-A4F1-A7723F36803F}.Release|Any CPU.ActiveCfg = Release|Any CPU
		{B317A076-ED0A-4C1B-A4F1-A7723F36803F}.Release|Any CPU.Build.0 = Release|Any CPU
		{A2F0181A-DDE2-41C7-8AA8-9DD09E6692A9}.Debug|Any CPU.ActiveCfg = Debug|Any CPU
		{A2F0181A-DDE2-41C7-8AA8-9DD09E6692A9}.Debug|Any CPU.Build.0 = Debug|Any CPU
		{A2F0181A-DDE2-41C7-8AA8-9DD09E6692A9}.Release|Any CPU.ActiveCfg = Release|Any CPU
		{A2F0181A-DDE2-41C7-8AA8-9DD09E6692A9}.Release|Any CPU.Build.0 = Release|Any CPU
		{7D858DA9-26F2-4C41-B682-40E33A56DC40}.Debug|Any CPU.ActiveCfg = Debug|Any CPU
		{7D858DA9-26F2-4C41-B682-40E33A56DC40}.Debug|Any CPU.Build.0 = Debug|Any CPU
		{7D858DA9-26F2-4C41-B682-40E33A56DC40}.Release|Any CPU.ActiveCfg = Release|Any CPU
		{7D858DA9-26F2-4C41-B682-40E33A56DC40}.Release|Any CPU.Build.0 = Release|Any CPU
		{D62C080C-4DCF-4899-97D0-B91EA62DC906}.Debug|Any CPU.ActiveCfg = Debug|Any CPU
		{D62C080C-4DCF-4899-97D0-B91EA62DC906}.Debug|Any CPU.Build.0 = Debug|Any CPU
		{D62C080C-4DCF-4899-97D0-B91EA62DC906}.Release|Any CPU.ActiveCfg = Release|Any CPU
		{D62C080C-4DCF-4899-97D0-B91EA62DC906}.Release|Any CPU.Build.0 = Release|Any CPU
		{39C853AF-45A3-4021-822C-385936BF3F88}.Debug|Any CPU.ActiveCfg = Debug|Any CPU
		{39C853AF-45A3-4021-822C-385936BF3F88}.Debug|Any CPU.Build.0 = Debug|Any CPU
		{39C853AF-45A3-4021-822C-385936BF3F88}.Release|Any CPU.ActiveCfg = Release|Any CPU
		{39C853AF-45A3-4021-822C-385936BF3F88}.Release|Any CPU.Build.0 = Release|Any CPU
		{3D80D6FB-27DF-45D5-92FE-AD9960D79CFE}.Debug|Any CPU.ActiveCfg = Debug|Any CPU
		{3D80D6FB-27DF-45D5-92FE-AD9960D79CFE}.Debug|Any CPU.Build.0 = Debug|Any CPU
		{3D80D6FB-27DF-45D5-92FE-AD9960D79CFE}.Release|Any CPU.ActiveCfg = Release|Any CPU
		{3D80D6FB-27DF-45D5-92FE-AD9960D79CFE}.Release|Any CPU.Build.0 = Release|Any CPU
	EndGlobalSection
	GlobalSection(SolutionProperties) = preSolution
		HideSolutionNode = FALSE
	EndGlobalSection
EndGlobal
